
Microsoft Visual Studio Solution File, Format Version 12.00
# Visual Studio Version 16
VisualStudioVersion = 16.0.29009.5
MinimumVisualStudioVersion = 10.0.40219.1
Project("{9A19103F-16F7-4668-BE54-9A1E7A4F7556}") = "Nop.Plugin.Payments.ErcToken", "Nop.Plugin.Payments.ErcToken.csproj", "{9C7E5CF2-ACE9-406E-8998-3E3C087949E8}"
EndProject
Global
	GlobalSection(SolutionConfigurationPlatforms) = preSolution
		Debug|Any CPU = Debug|Any CPU
		Release|Any CPU = Release|Any CPU
	EndGlobalSection
	GlobalSection(ProjectConfigurationPlatforms) = postSolution
		{9C7E5CF2-ACE9-406E-8998-3E3C087949E8}.Debug|Any CPU.ActiveCfg = Debug|Any CPU
		{9C7E5CF2-ACE9-406E-8998-3E3C087949E8}.Debug|Any CPU.Build.0 = Debug|Any CPU
		{9C7E5CF2-ACE9-406E-8998-3E3C087949E8}.Release|Any CPU.ActiveCfg = Release|Any CPU
		{9C7E5CF2-ACE9-406E-8998-3E3C087949E8}.Release|Any CPU.Build.0 = Release|Any CPU
	EndGlobalSection
	GlobalSection(SolutionProperties) = preSolution
		HideSolutionNode = FALSE
	EndGlobalSection
	GlobalSection(ExtensibilityGlobals) = postSolution
		SolutionGuid = {1D68AEFE-23FC-4659-BE67-0EEC78FFE465}
	EndGlobalSection
EndGlobal
